
Microsoft Visual Studio Solution File, Format Version 12.00
# Visual Studio Version 16
VisualStudioVersion = 16.0.32228.343
MinimumVisualStudioVersion = 10.0.40219.1
Project("{8BC9CEB8-8B4A-11D0-8D11-00A0C91BC942}") = "RoomSegentation", "RoomSegentation.vcxproj", "{FFDBFB4F-0927-493D-9D80-6F7FC1E14DE0}"
EndProject
Global
	GlobalSection(SolutionConfigurationPlatforms) = preSolution
		Debug|x64 = Debug|x64
		Debug|x86 = Debug|x86
		Release|x64 = Release|x64
		Release|x86 = Release|x86
	EndGlobalSection
	GlobalSection(ProjectConfigurationPlatforms) = postSolution
		{FFDBFB4F-0927-493D-9D80-6F7FC1E14DE0}.Debug|x64.ActiveCfg = Debug|x64
		{FFDBFB4F-0927-493D-9D80-6F7FC1E14DE0}.Debug|x64.Build.0 = Debug|x64
		{FFDBFB4F-0927-493D-9D80-6F7FC1E14DE0}.Debug|x86.ActiveCfg = Debug|Win32
		{FFDBFB4F-0927-493D-9D80-6F7FC1E14DE0}.Debug|x86.Build.0 = Debug|Win32
		{FFDBFB4F-0927-493D-9D80-6F7FC1E14DE0}.Release|x64.ActiveCfg = Release|x64
		{FFDBFB4F-0927-493D-9D80-6F7FC1E14DE0}.Release|x64.Build.0 = Release|x64
		{FFDBFB4F-0927-493D-9D80-6F7FC1E14DE0}.Release|x86.ActiveCfg = Release|Win32
		{FFDBFB4F-0927-493D-9D80-6F7FC1E14DE0}.Release|x86.Build.0 = Release|Win32
	EndGlobalSection
	GlobalSection(SolutionProperties) = preSolution
		HideSolutionNode = FALSE
	EndGlobalSection
	GlobalSection(ExtensibilityGlobals) = postSolution
		SolutionGuid = {02A0F272-CFA6-4C14-A3A7-875CAB8C899C}
	EndGlobalSection
EndGlobal
